// !$*UTF8*$!
{
	archiveVersion = 1;
	classes = {
	};
	objectVersion = 56;
	objects = {

/* Begin PBXBuildFile section */
		CE4101D62C7B46AA006AEFDD /* AppDelegate.swift in Sources */ = {isa = PBXBuildFile; fileRef = CE4101D52C7B46AA006AEFDD /* AppDelegate.swift */; };
		CE4101D82C7B46AA006AEFDD /* SceneDelegate.swift in Sources */ = {isa = PBXBuildFile; fileRef = CE4101D72C7B46AA006AEFDD /* SceneDelegate.swift */; };
		CE4101DA2C7B46AA006AEFDD /* HomeViewController.swift in Sources */ = {isa = PBXBuildFile; fileRef = CE4101D92C7B46AA006AEFDD /* HomeViewController.swift */; };
		CE4101DF2C7B46AD006AEFDD /* Assets.xcassets in Resources */ = {isa = PBXBuildFile; fileRef = CE4101DE2C7B46AD006AEFDD /* Assets.xcassets */; };
		CE4101E22C7B46AD006AEFDD /* LaunchScreen.storyboard in Resources */ = {isa = PBXBuildFile; fileRef = CE4101E02C7B46AD006AEFDD /* LaunchScreen.storyboard */; };
		CE4101ED2C7B8270006AEFDD /* HomeBottomView.swift in Sources */ = {isa = PBXBuildFile; fileRef = CE4101EC2C7B8270006AEFDD /* HomeBottomView.swift */; };
		CE4101F02C7B8815006AEFDD /* HomeTableViewCell.swift in Sources */ = {isa = PBXBuildFile; fileRef = CE4101EF2C7B8815006AEFDD /* HomeTableViewCell.swift */; };
		CE4101F52C7B9023006AEFDD /* AddNoteViewController.swift in Sources */ = {isa = PBXBuildFile; fileRef = CE4101F42C7B9023006AEFDD /* AddNoteViewController.swift */; };
		CE4101F82C7B9BFF006AEFDD /* Note.xcdatamodeld in Sources */ = {isa = PBXBuildFile; fileRef = CE4101F62C7B9BFF006AEFDD /* Note.xcdatamodeld */; };
		CE4101FB2C7B9C65006AEFDD /* Note+CoreDataClass.swift in Sources */ = {isa = PBXBuildFile; fileRef = CE4101F92C7B9C65006AEFDD /* Note+CoreDataClass.swift */; };
		CE4101FC2C7B9C65006AEFDD /* Note+CoreDataProperties.swift in Sources */ = {isa = PBXBuildFile; fileRef = CE4101FA2C7B9C65006AEFDD /* Note+CoreDataProperties.swift */; };
		CE4101FF2C7C9F2E006AEFDD /* CoreDataManager.swift in Sources */ = {isa = PBXBuildFile; fileRef = CE4101FE2C7C9F2E006AEFDD /* CoreDataManager.swift */; };
		CE4102022C7CA46D006AEFDD /* Date+Extension.swift in Sources */ = {isa = PBXBuildFile; fileRef = CE4102012C7CA46D006AEFDD /* Date+Extension.swift */; };
/* End PBXBuildFile section */

/* Begin PBXFileReference section */
		CE4101D22C7B46AA006AEFDD /* iToDoList.app */ = {isa = PBXFileReference; explicitFileType = wrapper.application; includeInIndex = 0; path = iToDoList.app; sourceTree = BUILT_PRODUCTS_DIR; };
		CE4101D52C7B46AA006AEFDD /* AppDelegate.swift */ = {isa = PBXFileReference; lastKnownFileType = sourcecode.swift; path = AppDelegate.swift; sourceTree = "<group>"; };
		CE4101D72C7B46AA006AEFDD /* SceneDelegate.swift */ = {isa = PBXFileReference; lastKnownFileType = sourcecode.swift; path = SceneDelegate.swift; sourceTree = "<group>"; };
		CE4101D92C7B46AA006AEFDD /* HomeViewController.swift */ = {isa = PBXFileReference; lastKnownFileType = sourcecode.swift; path = HomeViewController.swift; sourceTree = "<group>"; };
		CE4101DE2C7B46AD006AEFDD /* Assets.xcassets */ = {isa = PBXFileReference; lastKnownFileType = folder.assetcatalog; path = Assets.xcassets; sourceTree = "<group>"; };
		CE4101E12C7B46AD006AEFDD /* Base */ = {isa = PBXFileReference; lastKnownFileType = file.storyboard; name = Base; path = Base.lproj/LaunchScreen.storyboard; sourceTree = "<group>"; };
		CE4101E32C7B46AD006AEFDD /* Info.plist */ = {isa = PBXFileReference; lastKnownFileType = text.plist.xml; path = Info.plist; sourceTree = "<group>"; };
		CE4101EC2C7B8270006AEFDD /* HomeBottomView.swift */ = {isa = PBXFileReference; lastKnownFileType = sourcecode.swift; path = HomeBottomView.swift; sourceTree = "<group>"; };
		CE4101EF2C7B8815006AEFDD /* HomeTableViewCell.swift */ = {isa = PBXFileReference; lastKnownFileType = sourcecode.swift; path = HomeTableViewCell.swift; sourceTree = "<group>"; };
		CE4101F42C7B9023006AEFDD /* AddNoteViewController.swift */ = {isa = PBXFileReference; lastKnownFileType = sourcecode.swift; path = AddNoteViewController.swift; sourceTree = "<group>"; };
		CE4101F72C7B9BFF006AEFDD /* Note.xcdatamodel */ = {isa = PBXFileReference; lastKnownFileType = wrapper.xcdatamodel; path = Note.xcdatamodel; sourceTree = "<group>"; };
		CE4101F92C7B9C65006AEFDD /* Note+CoreDataClass.swift */ = {isa = PBXFileReference; lastKnownFileType = sourcecode.swift; path = "Note+CoreDataClass.swift"; sourceTree = "<group>"; };
		CE4101FA2C7B9C65006AEFDD /* Note+CoreDataProperties.swift */ = {isa = PBXFileReference; lastKnownFileType = sourcecode.swift; path = "Note+CoreDataProperties.swift"; sourceTree = "<group>"; };
		CE4101FE2C7C9F2E006AEFDD /* CoreDataManager.swift */ = {isa = PBXFileReference; lastKnownFileType = sourcecode.swift; path = CoreDataManager.swift; sourceTree = "<group>"; };
		CE4102012C7CA46D006AEFDD /* Date+Extension.swift */ = {isa = PBXFileReference; lastKnownFileType = sourcecode.swift; path = "Date+Extension.swift"; sourceTree = "<group>"; };
/* End PBXFileReference section */

/* Begin PBXFrameworksBuildPhase section */
		CE4101CF2C7B46AA006AEFDD /* Frameworks */ = {
			isa = PBXFrameworksBuildPhase;
			buildActionMask = 2147483647;
			files = (
			);
			runOnlyForDeploymentPostprocessing = 0;
		};
/* End PBXFrameworksBuildPhase section */

/* Begin PBXGroup section */
		CE4101C92C7B46AA006AEFDD = {
			isa = PBXGroup;
			children = (
				CE4101D42C7B46AA006AEFDD /* iToDoList */,
				CE4101D32C7B46AA006AEFDD /* Products */,
			);
			sourceTree = "<group>";
		};
		CE4101D32C7B46AA006AEFDD /* Products */ = {
			isa = PBXGroup;
			children = (
				CE4101D22C7B46AA006AEFDD /* iToDoList.app */,
			);
			name = Products;
			sourceTree = "<group>";
		};
		CE4101D42C7B46AA006AEFDD /* iToDoList */ = {
			isa = PBXGroup;
			children = (
				CE4102002C7CA462006AEFDD /* Extension */,
				CE4101FD2C7C9F20006AEFDD /* Manager */,
				CE4101F12C7B8AD8006AEFDD /* Model */,
				CE4101EB2C7B8257006AEFDD /* Views */,
				CE4101E92C7B8245006AEFDD /* Application */,
				CE4101EA2C7B8250006AEFDD /* Controllers */,
				CE4101DE2C7B46AD006AEFDD /* Assets.xcassets */,
				CE4101E02C7B46AD006AEFDD /* LaunchScreen.storyboard */,
				CE4101E32C7B46AD006AEFDD /* Info.plist */,
			);
			path = iToDoList;
			sourceTree = "<group>";
		};
		CE4101E92C7B8245006AEFDD /* Application */ = {
			isa = PBXGroup;
			children = (
				CE4101D52C7B46AA006AEFDD /* AppDelegate.swift */,
				CE4101D72C7B46AA006AEFDD /* SceneDelegate.swift */,
			);
			path = Application;
			sourceTree = "<group>";
		};
		CE4101EA2C7B8250006AEFDD /* Controllers */ = {
			isa = PBXGroup;
			children = (
				CE4101D92C7B46AA006AEFDD /* HomeViewController.swift */,
				CE4101F42C7B9023006AEFDD /* AddNoteViewController.swift */,
			);
			path = Controllers;
			sourceTree = "<group>";
		};
		CE4101EB2C7B8257006AEFDD /* Views */ = {
			isa = PBXGroup;
			children = (
				CE4101EE2C7B8809006AEFDD /* Cells */,
				CE4101EC2C7B8270006AEFDD /* HomeBottomView.swift */,
			);
			path = Views;
			sourceTree = "<group>";
		};
		CE4101EE2C7B8809006AEFDD /* Cells */ = {
			isa = PBXGroup;
			children = (
				CE4101EF2C7B8815006AEFDD /* HomeTableViewCell.swift */,
			);
			path = Cells;
			sourceTree = "<group>";
		};
		CE4101F12C7B8AD8006AEFDD /* Model */ = {
			isa = PBXGroup;
			children = (
				CE4101F62C7B9BFF006AEFDD /* Note.xcdatamodeld */,
				CE4101F92C7B9C65006AEFDD /* Note+CoreDataClass.swift */,
				CE4101FA2C7B9C65006AEFDD /* Note+CoreDataProperties.swift */,
			);
			path = Model;
			sourceTree = "<group>";
		};
		CE4101FD2C7C9F20006AEFDD /* Manager */ = {
			isa = PBXGroup;
			children = (
				CE4101FE2C7C9F2E006AEFDD /* CoreDataManager.swift */,
			);
			path = Manager;
			sourceTree = "<group>";
		};
		CE4102002C7CA462006AEFDD /* Extension */ = {
			isa = PBXGroup;
			children = (
				CE4102012C7CA46D006AEFDD /* Date+Extension.swift */,
			);
			path = Extension;
			sourceTree = "<group>";
		};
/* End PBXGroup section */

/* Begin PBXNativeTarget section */
		CE4101D12C7B46AA006AEFDD /* iToDoList */ = {
			isa = PBXNativeTarget;
			buildConfigurationList = CE4101E62C7B46AD006AEFDD /* Build configuration list for PBXNativeTarget "iToDoList" */;
			buildPhases = (
				CE4101CE2C7B46AA006AEFDD /* Sources */,
				CE4101CF2C7B46AA006AEFDD /* Frameworks */,
				CE4101D02C7B46AA006AEFDD /* Resources */,
			);
			buildRules = (
			);
			dependencies = (
			);
			name = iToDoList;
			productName = iToDoList;
			productReference = CE4101D22C7B46AA006AEFDD /* iToDoList.app */;
			productType = "com.apple.product-type.application";
		};
/* End PBXNativeTarget section */

/* Begin PBXProject section */
		CE4101CA2C7B46AA006AEFDD /* Project object */ = {
			isa = PBXProject;
			attributes = {
				BuildIndependentTargetsInParallel = 1;
				LastSwiftUpdateCheck = 1510;
				LastUpgradeCheck = 1510;
				TargetAttributes = {
					CE4101D12C7B46AA006AEFDD = {
						CreatedOnToolsVersion = 15.1;
					};
				};
			};
			buildConfigurationList = CE4101CD2C7B46AA006AEFDD /* Build configuration list for PBXProject "iToDoList" */;
			compatibilityVersion = "Xcode 14.0";
			developmentRegion = en;
			hasScannedForEncodings = 0;
			knownRegions = (
				en,
				Base,
			);
			mainGroup = CE4101C92C7B46AA006AEFDD;
			productRefGroup = CE4101D32C7B46AA006AEFDD /* Products */;
			projectDirPath = "";
			projectRoot = "";
			targets = (
				CE4101D12C7B46AA006AEFDD /* iToDoList */,
			);
		};
/* End PBXProject section */

/* Begin PBXResourcesBuildPhase section */
		CE4101D02C7B46AA006AEFDD /* Resources */ = {
			isa = PBXResourcesBuildPhase;
			buildActionMask = 2147483647;
			files = (
				CE4101E22C7B46AD006AEFDD /* LaunchScreen.storyboard in Resources */,
				CE4101DF2C7B46AD006AEFDD /* Assets.xcassets in Resources */,
			);
			runOnlyForDeploymentPostprocessing = 0;
		};
/* End PBXResourcesBuildPhase section */

/* Begin PBXSourcesBuildPhase section */
		CE4101CE2C7B46AA006AEFDD /* Sources */ = {
			isa = PBXSourcesBuildPhase;
			buildActionMask = 2147483647;
			files = (
				CE4101ED2C7B8270006AEFDD /* HomeBottomView.swift in Sources */,
				CE4102022C7CA46D006AEFDD /* Date+Extension.swift in Sources */,
				CE4101F02C7B8815006AEFDD /* HomeTableViewCell.swift in Sources */,
				CE4101DA2C7B46AA006AEFDD /* HomeViewController.swift in Sources */,
				CE4101D62C7B46AA006AEFDD /* AppDelegate.swift in Sources */,
				CE4101D82C7B46AA006AEFDD /* SceneDelegate.swift in Sources */,
				CE4101FB2C7B9C65006AEFDD /* Note+CoreDataClass.swift in Sources */,
				CE4101F52C7B9023006AEFDD /* AddNoteViewController.swift in Sources */,
				CE4101F82C7B9BFF006AEFDD /* Note.xcdatamodeld in Sources */,
				CE4101FF2C7C9F2E006AEFDD /* CoreDataManager.swift in Sources */,
				CE4101FC2C7B9C65006AEFDD /* Note+CoreDataProperties.swift in Sources */,
			);
			runOnlyForDeploymentPostprocessing = 0;
		};
/* End PBXSourcesBuildPhase section */

/* Begin PBXVariantGroup section */
		CE4101E02C7B46AD006AEFDD /* LaunchScreen.storyboard */ = {
			isa = PBXVariantGroup;
			children = (
				CE4101E12C7B46AD006AEFDD /* Base */,
			);
			name = LaunchScreen.storyboard;
			sourceTree = "<group>";
		};
/* End PBXVariantGroup section */

/* Begin XCBuildConfiguration section */
		CE4101E42C7B46AD006AEFDD /* Debug */ = {
			isa = XCBuildConfiguration;
			buildSettings = {
				ALWAYS_SEARCH_USER_PATHS = NO;
				ASSETCATALOG_COMPILER_GENERATE_SWIFT_ASSET_SYMBOL_EXTENSIONS = YES;
				CLANG_ANALYZER_NONNULL = YES;
				CLANG_ANALYZER_NUMBER_OBJECT_CONVERSION = YES_AGGRESSIVE;
				CLANG_CXX_LANGUAGE_STANDARD = "gnu++20";
				CLANG_ENABLE_MODULES = YES;
				CLANG_ENABLE_OBJC_ARC = YES;
				CLANG_ENABLE_OBJC_WEAK = YES;
				CLANG_WARN_BLOCK_CAPTURE_AUTORELEASING = YES;
				CLANG_WARN_BOOL_CONVERSION = YES;
				CLANG_WARN_COMMA = YES;
				CLANG_WARN_CONSTANT_CONVERSION = YES;
				CLANG_WARN_DEPRECATED_OBJC_IMPLEMENTATIONS = YES;
				CLANG_WARN_DIRECT_OBJC_ISA_USAGE = YES_ERROR;
				CLANG_WARN_DOCUMENTATION_COMMENTS = YES;
				CLANG_WARN_EMPTY_BODY = YES;
				CLANG_WARN_ENUM_CONVERSION = YES;
				CLANG_WARN_INFINITE_RECURSION = YES;
				CLANG_WARN_INT_CONVERSION = YES;
				CLANG_WARN_NON_LITERAL_NULL_CONVERSION = YES;
				CLANG_WARN_OBJC_IMPLICIT_RETAIN_SELF = YES;
				CLANG_WARN_OBJC_LITERAL_CONVERSION = YES;
				CLANG_WARN_OBJC_ROOT_CLASS = YES_ERROR;
				CLANG_WARN_QUOTED_INCLUDE_IN_FRAMEWORK_HEADER = YES;
				CLANG_WARN_RANGE_LOOP_ANALYSIS = YES;
				CLANG_WARN_STRICT_PROTOTYPES = YES;
				CLANG_WARN_SUSPICIOUS_MOVE = YES;
				CLANG_WARN_UNGUARDED_AVAILABILITY = YES_AGGRESSIVE;
				CLANG_WARN_UNREACHABLE_CODE = YES;
				CLANG_WARN__DUPLICATE_METHOD_MATCH = YES;
				COPY_PHASE_STRIP = NO;
				DEBUG_INFORMATION_FORMAT = dwarf;
				ENABLE_STRICT_OBJC_MSGSEND = YES;
				ENABLE_TESTABILITY = YES;
				ENABLE_USER_SCRIPT_SANDBOXING = YES;
				GCC_C_LANGUAGE_STANDARD = gnu17;
				GCC_DYNAMIC_NO_PIC = NO;
				GCC_NO_COMMON_BLOCKS = YES;
				GCC_OPTIMIZATION_LEVEL = 0;
				GCC_PREPROCESSOR_DEFINITIONS = (
					"DEBUG=1",
					"$(inherited)",
				);
				GCC_WARN_64_TO_32_BIT_CONVERSION = YES;
				GCC_WARN_ABOUT_RETURN_TYPE = YES_ERROR;
				GCC_WARN_UNDECLARED_SELECTOR = YES;
				GCC_WARN_UNINITIALIZED_AUTOS = YES_AGGRESSIVE;
				GCC_WARN_UNUSED_FUNCTION = YES;
				GCC_WARN_UNUSED_VARIABLE = YES;
				IPHONEOS_DEPLOYMENT_TARGET = 17.2;
				LOCALIZATION_PREFERS_STRING_CATALOGS = YES;
				MTL_ENABLE_DEBUG_INFO = INCLUDE_SOURCE;
				MTL_FAST_MATH = YES;
				ONLY_ACTIVE_ARCH = YES;
				SDKROOT = iphoneos;
				SWIFT_ACTIVE_COMPILATION_CONDITIONS = "DEBUG $(inherited)";
				SWIFT_OPTIMIZATION_LEVEL = "-Onone";
			};
			name = Debug;
		};
		CE4101E52C7B46AD006AEFDD /* Release */ = {
			isa = XCBuildConfiguration;
			buildSettings = {
				ALWAYS_SEARCH_USER_PATHS = NO;
				ASSETCATALOG_COMPILER_GENERATE_SWIFT_ASSET_SYMBOL_EXTENSIONS = YES;
				CLANG_ANALYZER_NONNULL = YES;
				CLANG_ANALYZER_NUMBER_OBJECT_CONVERSION = YES_AGGRESSIVE;
				CLANG_CXX_LANGUAGE_STANDARD = "gnu++20";
				CLANG_ENABLE_MODULES = YES;
				CLANG_ENABLE_OBJC_ARC = YES;
				CLANG_ENABLE_OBJC_WEAK = YES;
				CLANG_WARN_BLOCK_CAPTURE_AUTORELEASING = YES;
				CLANG_WARN_BOOL_CONVERSION = YES;
				CLANG_WARN_COMMA = YES;
				CLANG_WARN_CONSTANT_CONVERSION = YES;
				CLANG_WARN_DEPRECATED_OBJC_IMPLEMENTATIONS = YES;
				CLANG_WARN_DIRECT_OBJC_ISA_USAGE = YES_ERROR;
				CLANG_WARN_DOCUMENTATION_COMMENTS = YES;
				CLANG_WARN_EMPTY_BODY = YES;
				CLANG_WARN_ENUM_CONVERSION = YES;
				CLANG_WARN_INFINITE_RECURSION = YES;
				CLANG_WARN_INT_CONVERSION = YES;
				CLANG_WARN_NON_LITERAL_NULL_CONVERSION = YES;
				CLANG_WARN_OBJC_IMPLICIT_RETAIN_SELF = YES;
				CLANG_WARN_OBJC_LITERAL_CONVERSION = YES;
				CLANG_WARN_OBJC_ROOT_CLASS = YES_ERROR;
				CLANG_WARN_QUOTED_INCLUDE_IN_FRAMEWORK_HEADER = YES;
				CLANG_WARN_RANGE_LOOP_ANALYSIS = YES;
				CLANG_WARN_STRICT_PROTOTYPES = YES;
				CLANG_WARN_SUSPICIOUS_MOVE = YES;
				CLANG_WARN_UNGUARDED_AVAILABILITY = YES_AGGRESSIVE;
				CLANG_WARN_UNREACHABLE_CODE = YES;
				CLANG_WARN__DUPLICATE_METHOD_MATCH = YES;
				COPY_PHASE_STRIP = NO;
				DEBUG_INFORMATION_FORMAT = "dwarf-with-dsym";
				ENABLE_NS_ASSERTIONS = NO;
				ENABLE_STRICT_OBJC_MSGSEND = YES;
				ENABLE_USER_SCRIPT_SANDBOXING = YES;
				GCC_C_LANGUAGE_STANDARD = gnu17;
				GCC_NO_COMMON_BLOCKS = YES;
				GCC_WARN_64_TO_32_BIT_CONVERSION = YES;
				GCC_WARN_ABOUT_RETURN_TYPE = YES_ERROR;
				GCC_WARN_UNDECLARED_SELECTOR = YES;
				GCC_WARN_UNINITIALIZED_AUTOS = YES_AGGRESSIVE;
				GCC_WARN_UNUSED_FUNCTION = YES;
				GCC_WARN_UNUSED_VARIABLE = YES;
				IPHONEOS_DEPLOYMENT_TARGET = 17.2;
				LOCALIZATION_PREFERS_STRING_CATALOGS = YES;
				MTL_ENABLE_DEBUG_INFO = NO;
				MTL_FAST_MATH = YES;
				SDKROOT = iphoneos;
				SWIFT_COMPILATION_MODE = wholemodule;
				VALIDATE_PRODUCT = YES;
			};
			name = Release;
		};
		CE4101E72C7B46AD006AEFDD /* Debug */ = {
			isa = XCBuildConfiguration;
			buildSettings = {
				ASSETCATALOG_COMPILER_APPICON_NAME = AppIcon;
				ASSETCATALOG_COMPILER_GLOBAL_ACCENT_COLOR_NAME = AccentColor;
				CODE_SIGN_STYLE = Automatic;
				CURRENT_PROJECT_VERSION = 1;
				DEVELOPMENT_TEAM = XCR5WZR8RJ;
				GENERATE_INFOPLIST_FILE = YES;
				INFOPLIST_FILE = iToDoList/Info.plist;
				INFOPLIST_KEY_UIApplicationSupportsIndirectInputEvents = YES;
				INFOPLIST_KEY_UILaunchStoryboardName = LaunchScreen;
				INFOPLIST_KEY_UISupportedInterfaceOrientations_iPad = "UIInterfaceOrientationPortrait UIInterfaceOrientationPortraitUpsideDown UIInterfaceOrientationLandscapeLeft UIInterfaceOrientationLandscapeRight";
				INFOPLIST_KEY_UISupportedInterfaceOrientations_iPhone = "UIInterfaceOrientationPortrait UIInterfaceOrientationLandscapeLeft UIInterfaceOrientationLandscapeRight";
				LD_RUNPATH_SEARCH_PATHS = (
					"$(inherited)",
					"@executable_path/Frameworks",
				);
				MARKETING_VERSION = 1.0;
				PRODUCT_BUNDLE_IDENTIFIER = uz.pdp.iToDoList;
				PRODUCT_NAME = "$(TARGET_NAME)";
				SWIFT_EMIT_LOC_STRINGS = YES;
				SWIFT_VERSION = 5.0;
				TARGETED_DEVICE_FAMILY = "1,2";
			};
			name = Debug;
		};
		CE4101E82C7B46AD006AEFDD /* Release */ = {
			isa = XCBuildConfiguration;
			buildSettings = {
				ASSETCATALOG_COMPILER_APPICON_NAME = AppIcon;
				ASSETCATALOG_COMPILER_GLOBAL_ACCENT_COLOR_NAME = AccentColor;
				CODE_SIGN_STYLE = Automatic;
				CURRENT_PROJECT_VERSION = 1;
				DEVELOPMENT_TEAM = XCR5WZR8RJ;
				GENERATE_INFOPLIST_FILE = YES;
				INFOPLIST_FILE = iToDoList/Info.plist;
				INFOPLIST_KEY_UIApplicationSupportsIndirectInputEvents = YES;
				INFOPLIST_KEY_UILaunchStoryboardName = LaunchScreen;
				INFOPLIST_KEY_UISupportedInterfaceOrientations_iPad = "UIInterfaceOrientationPortrait UIInterfaceOrientationPortraitUpsideDown UIInterfaceOrientationLandscapeLeft UIInterfaceOrientationLandscapeRight";
				INFOPLIST_KEY_UISupportedInterfaceOrientations_iPhone = "UIInterfaceOrientationPortrait UIInterfaceOrientationLandscapeLeft UIInterfaceOrientationLandscapeRight";
				LD_RUNPATH_SEARCH_PATHS = (
					"$(inherited)",
					"@executable_path/Frameworks",
				);
				MARKETING_VERSION = 1.0;
				PRODUCT_BUNDLE_IDENTIFIER = uz.pdp.iToDoList;
				PRODUCT_NAME = "$(TARGET_NAME)";
				SWIFT_EMIT_LOC_STRINGS = YES;
				SWIFT_VERSION = 5.0;
				TARGETED_DEVICE_FAMILY = "1,2";
			};
			name = Release;
		};
/* End XCBuildConfiguration section */

/* Begin XCConfigurationList section */
		CE4101CD2C7B46AA006AEFDD /* Build configuration list for PBXProject "iToDoList" */ = {
			isa = XCConfigurationList;
			buildConfigurations = (
				CE4101E42C7B46AD006AEFDD /* Debug */,
				CE4101E52C7B46AD006AEFDD /* Release */,
			);
			defaultConfigurationIsVisible = 0;
			defaultConfigurationName = Release;
		};
		CE4101E62C7B46AD006AEFDD /* Build configuration list for PBXNativeTarget "iToDoList" */ = {
			isa = XCConfigurationList;
			buildConfigurations = (
				CE4101E72C7B46AD006AEFDD /* Debug */,
				CE4101E82C7B46AD006AEFDD /* Release */,
			);
			defaultConfigurationIsVisible = 0;
			defaultConfigurationName = Release;
		};
/* End XCConfigurationList section */

/* Begin XCVersionGroup section */
		CE4101F62C7B9BFF006AEFDD /* Note.xcdatamodeld */ = {
			isa = XCVersionGroup;
			children = (
				CE4101F72C7B9BFF006AEFDD /* Note.xcdatamodel */,
			);
			currentVersion = CE4101F72C7B9BFF006AEFDD /* Note.xcdatamodel */;
			path = Note.xcdatamodeld;
			sourceTree = "<group>";
			versionGroupType = wrapper.xcdatamodel;
		};
/* End XCVersionGroup section */
	};
	rootObject = CE4101CA2C7B46AA006AEFDD /* Project object */;
}
